
Microsoft Visual Studio Solution File, Format Version 12.00
# Visual Studio Version 17
VisualStudioVersion = 17.2.32616.157
MinimumVisualStudioVersion = 10.0.40219.1
Project("{9A19103F-16F7-4668-BE54-9A1E7A4F7556}") = "AzureDevopsTracker", "src\AzureDevopsTracker.csproj", "{36601E24-C989-4E11-BD8F-572F2F181ED1}"
EndProject
Global
	GlobalSection(SolutionConfigurationPlatforms) = preSolution
		Debug|Any CPU = Debug|Any CPU
		Release|Any CPU = Release|Any CPU
	EndGlobalSection
	GlobalSection(ProjectConfigurationPlatforms) = postSolution
		{36601E24-C989-4E11-BD8F-572F2F181ED1}.Debug|Any CPU.ActiveCfg = Debug|Any CPU
		{36601E24-C989-4E11-BD8F-572F2F181ED1}.Debug|Any CPU.Build.0 = Debug|Any CPU
		{36601E24-C989-4E11-BD8F-572F2F181ED1}.Release|Any CPU.ActiveCfg = Release|Any CPU
		{36601E24-C989-4E11-BD8F-572F2F181ED1}.Release|Any CPU.Build.0 = Release|Any CPU
	EndGlobalSection
	GlobalSection(SolutionProperties) = preSolution
		HideSolutionNode = FALSE
	EndGlobalSection
	GlobalSection(ExtensibilityGlobals) = postSolution
		SolutionGuid = {53133A2B-5357-47B5-A1C4-30953F789623}
	EndGlobalSection
EndGlobal
